PODS:
  - Alamofire (2.0.2)
  - AlamofireImage (1.1.2):
    - Alamofire (~> 2.0)
  - AWSCognito (2.4.11):
    - AWSCore (= 2.4.11)
  - AWSCore (2.4.11)
  - Crashlytics (3.8.3):
    - Fabric (~> 1.6.3)
  - Digits (2.5.0):
    - TwitterCore (= 2.5.0)
  - Fabric (1.6.10)
  - Optimizely-iOS-SDK (1.7.0)
  - Stripe (9.0.0)
  - TwitterCore (2.5.0):
    - Fabric
  - TwitterKit (2.5.0):
    - TwitterCore (= 2.5.0)

DEPENDENCIES:
  - Alamofire (~> 2.0)
  - AlamofireImage (~> 1.0)
  - AWSCognito
  - Crashlytics
  - Digits
  - Fabric
  - Optimizely-iOS-SDK
  - Stripe
  - TwitterCore
  - TwitterKit

SPEC CHECKSUMS:
  Alamofire: 8edbab00802a752bb5240cc2abe70e7e881488ad
  AlamofireImage: dc3d3de5d095fd9545b144ba8f6da5bfc539512a
  AWSCognito: e086ad6f499e309dbf0030170cffc65a0bfd27c6
  AWSCore: e66b0f50d68f9897cc9e68471062f0cb5379eec5
  Crashlytics: 2b6dbe138a42395577cfa73dfa1aa7248cadf39e
  Digits: c69ee2d1a6acf728c5d159f1bd335e4882bd3225
  Fabric: c73f371ee543e3f0b80608f2674750e4910d1669
  Optimizely-iOS-SDK: e406016e617f84e823227c52131341dc20721319
  Stripe: 935c6deb5e96cbd29d247074bf3aa98a8438e22c
  TwitterCore: 95c46af93112768a7983bd370d66023553601d01
  TwitterKit: dd8042698b0ff5bd3066fa919b3b2b50d8eed829

PODFILE CHECKSUM: d8db850ec4f5ea0e771b8f47787a2eb93dcd2a95

COCOAPODS: 1.1.1
